uuid: 75bd4cee-b71d-4a68-9401-202df0bb5f93
langcode: en-gb
status: true
dependencies:
  module:
    - social_post
    - system
  theme:
    - socialbase
_core:
  default_config_hash: jM4rDaxSleva7mQiyaRj-ESpAcur9wzSXDfeXdGbOjk
id: postongroupblock
theme: socialbase
region: hidden
weight: -9
provider: null
plugin: post_group_block
settings:
  id: post_group_block
  label: 'Post on group block'
  label_display: '0'
  provider: social_post
visibility:
  request_path:
    id: request_path
    negate: false
    context_mapping: {  }
    pages: '/group/*/stream'
