uuid: eece31ee-225a-426f-84de-06e552e2e063
langcode: en-gb
status: true
dependencies:
  module:
    - social_group
    - system
  theme:
    - socialbase
_core:
  default_config_hash: 88AkZa3Jb0HyTb-lpje9XYFjb1BIc0E-C1sCnWf2gmM
id: group_add_block
theme: socialbase
region: complementary_top
weight: -97
provider: null
plugin: group_add_block
settings:
  id: group_add_block
  label: 'Group add block'
  label_display: '0'
  provider: social_group
visibility:
  request_path:
    id: request_path
    negate: false
    context_mapping: {  }
    pages: '/user/*/groups'
