uuid: c0e9275d-5558-486b-b355-f574f913ae8d
langcode: en-gb
status: true
dependencies:
  module:
    - social_event
    - system
  theme:
    - socialblue
_core:
  default_config_hash: pOz-j9GCewa6cTdNbFqnt20dPt-rruPLZUcGw22Xc24
id: socialblue_event_add_block
theme: socialblue
region: complementary_top
weight: -99
provider: null
plugin: event_add_block
settings:
  id: event_add_block
  label: 'Event add block'
  label_display: '0'
  provider: social_event
visibility:
  request_path:
    id: request_path
    negate: false
    context_mapping: {  }
    pages: '/user/*/events'
