uuid: 0a28d925-c78e-430d-b3bd-5653e29a789e
langcode: en-gb
status: true
dependencies:
  module:
    - social_user
    - user
  theme:
    - socialbase
_core:
  default_config_hash: hw-7VqRnZaYIFdTMj7oL8DbEVeE5THhXA3aVAxoiAEc
id: accountheaderblock
theme: socialbase
region: header
weight: 2
provider: null
plugin: account_header_block
settings:
  id: account_header_block
  label: 'Account header block'
  label_display: '0'
  provider: social_user
  context_mapping:
    user: '@user.current_user_context:current_user'
visibility:
  user_role:
    id: user_role
    negate: false
    context_mapping:
      user: '@user.current_user_context:current_user'
    roles:
      authenticated: authenticated
      administrator: administrator
