uuid: 7db4d56c-d0a6-41b2-91f9-df4a82489f09
langcode: en-gb
status: true
dependencies:
  config:
    - block_content.type.hero_call_to_action_block
  module:
    - content_translation
third_party_settings:
  content_translation:
    enabled: false
    bundle_settings:
      untranslatable_fields_hide: '0'
_core:
  default_config_hash: 94Tz0F77GVX5nItzki4JVcNFOTX_NmYTdtavoVjp63Y
id: block_content.hero_call_to_action_block
target_entity_type_id: block_content
target_bundle: hero_call_to_action_block
default_langcode: site_default
language_alterable: false
